
Microsoft Visual Studio Solution File, Format Version 12.00
# Visual Studio Version 17
VisualStudioVersion = 17.8.34525.116
MinimumVisualStudioVersion = 10.0.40219.1
Project("{FAE04EC0-301F-11D3-BF4B-00C04F79EFBC}") = "Lab 8 Using a Singly Linked List (SLL)", "Lab 8 Using a Singly Linked List (SLL)\Lab 8 Using a Singly Linked List (SLL).csproj", "{68B99354-FFCF-490F-B2AA-546EFDB11F3D}"
EndProject
Project("{FAE04EC0-301F-11D3-BF4B-00C04F79EFBC}") = "SLL Unit Test", "SLL Unit Test\SLL Unit Test.csproj", "{37DC4C5C-72C8-4689-830F-28A97915B8B5}"
EndProject
Global
	GlobalSection(SolutionConfigurationPlatforms) = preSolution
		Debug|Any CPU = Debug|Any CPU
		Release|Any CPU = Release|Any CPU
	EndGlobalSection
	GlobalSection(ProjectConfigurationPlatforms) = postSolution
		{68B99354-FFCF-490F-B2AA-546EFDB11F3D}.Debug|Any CPU.ActiveCfg = Debug|Any CPU
		{68B99354-FFCF-490F-B2AA-546EFDB11F3D}.Debug|Any CPU.Build.0 = Debug|Any CPU
		{68B99354-FFCF-490F-B2AA-546EFDB11F3D}.Release|Any CPU.ActiveCfg = Release|Any CPU
		{68B99354-FFCF-490F-B2AA-546EFDB11F3D}.Release|Any CPU.Build.0 = Release|Any CPU
		{37DC4C5C-72C8-4689-830F-28A97915B8B5}.Debug|Any CPU.ActiveCfg = Debug|Any CPU
		{37DC4C5C-72C8-4689-830F-28A97915B8B5}.Debug|Any CPU.Build.0 = Debug|Any CPU
		{37DC4C5C-72C8-4689-830F-28A97915B8B5}.Release|Any CPU.ActiveCfg = Release|Any CPU
		{37DC4C5C-72C8-4689-830F-28A97915B8B5}.Release|Any CPU.Build.0 = Release|Any CPU
	EndGlobalSection
	GlobalSection(SolutionProperties) = preSolution
		HideSolutionNode = FALSE
	EndGlobalSection
	GlobalSection(ExtensibilityGlobals) = postSolution
		SolutionGuid = {7CC632AF-777B-434F-BAF6-A9DB9434B25D}
	EndGlobalSection
EndGlobal
